hash: 1dc9d1eef88b3a5517d83a4e1d9c3001f5f2713f8bbd060dfcb71bea7d4d6bbe
updated: 2016-07-26T10:57:35.0356516+03:00
imports:
- name: github.com/gorilla/context
  version: aed02d124ae4a0e94fea4541c8effd05bf0c8296
- name: github.com/gorilla/mux
  version: 0eeaf8392f5b04950925b8a69fe70f110fa7cbfc
- name: github.com/Sirupsen/logrus
  version: 4b6ea7319e214d98c938f12692336f7ca9348d6b
- name: github.com/urfave/cli
  version: d9021faab69f92295ef7061bd39e4a76dcbdef32
- name: golang.org/x/sys
  version: a646d33e2ee3172a661fc09bca23bb4889a41bc8
  subpackages:
  - unix
- name: gopkg.in/olivere/elastic.v3
  version: f7ae701daf3abe5dfb99f57b3f47738ec93c9c26
  subpackages:
  - backoff
  - uritemplates
testImports:
- name: github.com/davecgh/go-spew
  version: 5215b55f46b2b919f50a1df0eaa5886afe4e3b3d
  subpackages:
  - spew
- name: github.com/pmezard/go-difflib
  version: d8ed2627bdf02c080bf22230dbb337003b7aba2d
  subpackages:
  - difflib
- name: github.com/stretchr/testify
  version: d77da356e56a7428ad25149ca77381849a6a5232
  subpackages:
  - assert
